// !$*UTF8*$!
{
	archiveVersion = 1;
	classes = {
	};
	objectVersion = 52;
	objects = {

/* Begin PBXBuildFile section */
		C36448EC25A32938007AF157 /* WatchGym WatchKit App.app in Embed Watch Content */ = {isa = PBXBuildFile; fileRef = C36448EB25A32938007AF157 /* WatchGym WatchKit App.app */; settings = {ATTRIBUTES = (RemoveHeadersOnCopy, ); }; };
		C36448F225A32938007AF157 /* Interface.storyboard in Resources */ = {isa = PBXBuildFile; fileRef = C36448F025A32938007AF157 /* Interface.storyboard */; };
		C36448F425A3293A007AF157 /* Assets.xcassets in Resources */ = {isa = PBXBuildFile; fileRef = C36448F325A3293A007AF157 /* Assets.xcassets */; };
		C36448FB25A3293A007AF157 /* WatchGym WatchKit Extension.appex in Embed App Extensions */ = {isa = PBXBuildFile; fileRef = C36448FA25A3293A007AF157 /* WatchGym WatchKit Extension.appex */; settings = {ATTRIBUTES = (RemoveHeadersOnCopy, ); }; };
		C364490025A3293A007AF157 /* HostingController.swift in Sources */ = {isa = PBXBuildFile; fileRef = C36448FF25A3293A007AF157 /* HostingController.swift */; };
		C364490225A3293A007AF157 /* ContentView.swift in Sources */ = {isa = PBXBuildFile; fileRef = C364490125A3293A007AF157 /* ContentView.swift */; };
		C364490425A3293A007AF157 /* ExtensionDelegate.swift in Sources */ = {isa = PBXBuildFile; fileRef = C364490325A3293A007AF157 /* ExtensionDelegate.swift */; };
		C364490625A3293A007AF157 /* NotificationController.swift in Sources */ = {isa = PBXBuildFile; fileRef = C364490525A3293A007AF157 /* NotificationController.swift */; };
		C364490825A3293A007AF157 /* NotificationView.swift in Sources */ = {isa = PBXBuildFile; fileRef = C364490725A3293A007AF157 /* NotificationView.swift */; };
		C364490A25A3293A007AF157 /* ComplicationController.swift in Sources */ = {isa = PBXBuildFile; fileRef = C364490925A3293A007AF157 /* ComplicationController.swift */; };
		C364490C25A3293B007AF157 /* Assets.xcassets in Resources */ = {isa = PBXBuildFile; fileRef = C364490B25A3293B007AF157 /* Assets.xcassets */; };
		C364490F25A3293B007AF157 /* Preview Assets.xcassets in Resources */ = {isa = PBXBuildFile; fileRef = C364490E25A3293B007AF157 /* Preview Assets.xcassets */; };
		C364496525A32A09007AF157 /* SignInView.swift in Sources */ = {isa = PBXBuildFile; fileRef = C364496425A32A09007AF157 /* SignInView.swift */; };
		C3644A1725A35083007AF157 /* SignOut View.swift in Sources */ = {isa = PBXBuildFile; fileRef = C3644A1625A35083007AF157 /* SignOut View.swift */; };
		C3644A1C25A350B6007AF157 /* Swift2.swift in Sources */ = {isa = PBXBuildFile; fileRef = C3644A1B25A350B6007AF157 /* Swift2.swift */; };
		C3644A2425A35140007AF157 /* GymMOdel.swift in Sources */ = {isa = PBXBuildFile; fileRef = C3644A2325A35140007AF157 /* GymMOdel.swift */; };
/* End PBXBuildFile section */

/* Begin PBXContainerItemProxy section */
		C36448ED25A32938007AF157 /* PBXContainerItemProxy */ = {
			isa = PBXContainerItemProxy;
			containerPortal = C36448E125A32938007AF157 /* Project object */;
			proxyType = 1;
			remoteGlobalIDString = C36448EA25A32938007AF157;
			remoteInfo = "WatchGym WatchKit App";
		};
		C36448FC25A3293A007AF157 /* PBXContainerItemProxy */ = {
			isa = PBXContainerItemProxy;
			containerPortal = C36448E125A32938007AF157 /* Project object */;
			proxyType = 1;
			remoteGlobalIDString = C36448F925A3293A007AF157;
			remoteInfo = "WatchGym WatchKit Extension";
		};
/* End PBXContainerItemProxy section */

/* Begin PBXCopyFilesBuildPhase section */
		C364491725A3293B007AF157 /* Embed App Extensions */ = {
			isa = PBXCopyFilesBuildPhase;
			buildActionMask = 2147483647;
			dstPath = "";
			dstSubfolderSpec = 13;
			files = (
				C36448FB25A3293A007AF157 /* WatchGym WatchKit Extension.appex in Embed App Extensions */,
			);
			name = "Embed App Extensions";
			runOnlyForDeploymentPostprocessing = 0;
		};
		C364491B25A3293B007AF157 /* Embed Watch Content */ = {
			isa = PBXCopyFilesBuildPhase;
			buildActionMask = 2147483647;
			dstPath = "$(CONTENTS_FOLDER_PATH)/Watch";
			dstSubfolderSpec = 16;
			files = (
				C36448EC25A32938007AF157 /* WatchGym WatchKit App.app in Embed Watch Content */,
			);
			name = "Embed Watch Content";
			runOnlyForDeploymentPostprocessing = 0;
		};
/* End PBXCopyFilesBuildPhase section */

/* Begin PBXFileReference section */
		C36448E725A32938007AF157 /* WatchGym.app */ = {isa = PBXFileReference; explicitFileType = wrapper.application; includeInIndex = 0; path = WatchGym.app; sourceTree = BUILT_PRODUCTS_DIR; };
		C36448EB25A32938007AF157 /* WatchGym WatchKit App.app */ = {isa = PBXFileReference; explicitFileType = wrapper.application; includeInIndex = 0; path = "WatchGym WatchKit App.app"; sourceTree = BUILT_PRODUCTS_DIR; };
		C36448F125A32938007AF157 /* Base */ = {isa = PBXFileReference; lastKnownFileType = file.storyboard; name = Base; path = Base.lproj/Interface.storyboard; sourceTree = "<group>"; };
		C36448F325A3293A007AF157 /* Assets.xcassets */ = {isa = PBXFileReference; lastKnownFileType = folder.assetcatalog; path = Assets.xcassets; sourceTree = "<group>"; };
		C36448F525A3293A007AF157 /* Info.plist */ = {isa = PBXFileReference; lastKnownFileType = text.plist.xml; path = Info.plist; sourceTree = "<group>"; };
		C36448FA25A3293A007AF157 /* WatchGym WatchKit Extension.appex */ = {isa = PBXFileReference; explicitFileType = "wrapper.app-extension"; includeInIndex = 0; path = "WatchGym WatchKit Extension.appex"; sourceTree = BUILT_PRODUCTS_DIR; };
		C36448FF25A3293A007AF157 /* HostingController.swift */ = {isa = PBXFileReference; lastKnownFileType = sourcecode.swift; path = HostingController.swift; sourceTree = "<group>"; };
		C364490125A3293A007AF157 /* ContentView.swift */ = {isa = PBXFileReference; lastKnownFileType = sourcecode.swift; path = ContentView.swift; sourceTree = "<group>"; };
		C364490325A3293A007AF157 /* ExtensionDelegate.swift */ = {isa = PBXFileReference; lastKnownFileType = sourcecode.swift; path = ExtensionDelegate.swift; sourceTree = "<group>"; };
		C364490525A3293A007AF157 /* NotificationController.swift */ = {isa = PBXFileReference; lastKnownFileType = sourcecode.swift; path = NotificationController.swift; sourceTree = "<group>"; };
		C364490725A3293A007AF157 /* NotificationView.swift */ = {isa = PBXFileReference; lastKnownFileType = sourcecode.swift; path = NotificationView.swift; sourceTree = "<group>"; };
		C364490925A3293A007AF157 /* ComplicationController.swift */ = {isa = PBXFileReference; lastKnownFileType = sourcecode.swift; path = ComplicationController.swift; sourceTree = "<group>"; };
		C364490B25A3293B007AF157 /* Assets.xcassets */ = {isa = PBXFileReference; lastKnownFileType = folder.assetcatalog; path = Assets.xcassets; sourceTree = "<group>"; };
		C364490E25A3293B007AF157 /* Preview Assets.xcassets */ = {isa = PBXFileReference; lastKnownFileType = folder.assetcatalog; path = "Preview Assets.xcassets"; sourceTree = "<group>"; };
		C364491025A3293B007AF157 /* Info.plist */ = {isa = PBXFileReference; lastKnownFileType = text.plist.xml; path = Info.plist; sourceTree = "<group>"; };
		C364491125A3293B007AF157 /* PushNotificationPayload.apns */ = {isa = PBXFileReference; lastKnownFileType = text; path = PushNotificationPayload.apns; sourceTree = "<group>"; };
		C364496425A32A09007AF157 /* SignInView.swift */ = {isa = PBXFileReference; lastKnownFileType = sourcecode.swift; path = SignInView.swift; sourceTree = "<group>"; };
		C3644A1625A35083007AF157 /* SignOut View.swift */ = {isa = PBXFileReference; lastKnownFileType = sourcecode.swift; path = "SignOut View.swift"; sourceTree = "<group>"; };
		C3644A1B25A350B6007AF157 /* Swift2.swift */ = {isa = PBXFileReference; lastKnownFileType = sourcecode.swift; path = Swift2.swift; sourceTree = "<group>"; };
		C3644A2325A35140007AF157 /* GymMOdel.swift */ = {isa = PBXFileReference; lastKnownFileType = sourcecode.swift; path = GymMOdel.swift; sourceTree = "<group>"; };
/* End PBXFileReference section */

/* Begin PBXFrameworksBuildPhase section */
		C36448F725A3293A007AF157 /* Frameworks */ = {
			isa = PBXFrameworksBuildPhase;
			buildActionMask = 2147483647;
			files = (
			);
			runOnlyForDeploymentPostprocessing = 0;
		};
/* End PBXFrameworksBuildPhase section */

/* Begin PBXGroup section */
		C36448E025A32938007AF157 = {
			isa = PBXGroup;
			children = (
				C36448EF25A32938007AF157 /* WatchGym WatchKit App */,
				C36448FE25A3293A007AF157 /* WatchGym WatchKit Extension */,
				C36448E825A32938007AF157 /* Products */,
			);
			sourceTree = "<group>";
		};
		C36448E825A32938007AF157 /* Products */ = {
			isa = PBXGroup;
			children = (
				C36448E725A32938007AF157 /* WatchGym.app */,
				C36448EB25A32938007AF157 /* WatchGym WatchKit App.app */,
				C36448FA25A3293A007AF157 /* WatchGym WatchKit Extension.appex */,
			);
			name = Products;
			sourceTree = "<group>";
		};
		C36448EF25A32938007AF157 /* WatchGym WatchKit App */ = {
			isa = PBXGroup;
			children = (
				C36448F025A32938007AF157 /* Interface.storyboard */,
				C36448F325A3293A007AF157 /* Assets.xcassets */,
				C36448F525A3293A007AF157 /* Info.plist */,
			);
			path = "WatchGym WatchKit App";
			sourceTree = "<group>";
		};
		C36448FE25A3293A007AF157 /* WatchGym WatchKit Extension */ = {
			isa = PBXGroup;
			children = (
				C36448FF25A3293A007AF157 /* HostingController.swift */,
				C364490125A3293A007AF157 /* ContentView.swift */,
				C3644A1B25A350B6007AF157 /* Swift2.swift */,
				C3644A2325A35140007AF157 /* GymMOdel.swift */,
				C364496425A32A09007AF157 /* SignInView.swift */,
				C3644A1625A35083007AF157 /* SignOut View.swift */,
				C364490325A3293A007AF157 /* ExtensionDelegate.swift */,
				C364490525A3293A007AF157 /* NotificationController.swift */,
				C364490725A3293A007AF157 /* NotificationView.swift */,
				C364490925A3293A007AF157 /* ComplicationController.swift */,
				C364490B25A3293B007AF157 /* Assets.xcassets */,
				C364491025A3293B007AF157 /* Info.plist */,
				C364491125A3293B007AF157 /* PushNotificationPayload.apns */,
				C364490D25A3293B007AF157 /* Preview Content */,
			);
			path = "WatchGym WatchKit Extension";
			sourceTree = "<group>";
		};
		C364490D25A3293B007AF157 /* Preview Content */ = {
			isa = PBXGroup;
			children = (
				C364490E25A3293B007AF157 /* Preview Assets.xcassets */,
			);
			path = "Preview Content";
			sourceTree = "<group>";
		};
/* End PBXGroup section */

/* Begin PBXNativeTarget section */
		C36448E625A32938007AF157 /* WatchGym */ = {
			isa = PBXNativeTarget;
			buildConfigurationList = C364491C25A3293B007AF157 /* Build configuration list for PBXNativeTarget "WatchGym" */;
			buildPhases = (
				C36448E525A32938007AF157 /* Resources */,
				C364491B25A3293B007AF157 /* Embed Watch Content */,
			);
			buildRules = (
			);
			dependencies = (
				C36448EE25A32938007AF157 /* PBXTargetDependency */,
			);
			name = WatchGym;
			packageProductDependencies = (
				C36449B425A32EF8007AF157 /* SwiftyJSON */,
				C3644A1225A34CA7007AF157 /* Alamofire */,
			);
			productName = WatchGym;
			productReference = C36448E725A32938007AF157 /* WatchGym.app */;
			productType = "com.apple.product-type.application.watchapp2-container";
		};
		C36448EA25A32938007AF157 /* WatchGym WatchKit App */ = {
			isa = PBXNativeTarget;
			buildConfigurationList = C364491825A3293B007AF157 /* Build configuration list for PBXNativeTarget "WatchGym WatchKit App" */;
			buildPhases = (
				C36448E925A32938007AF157 /* Resources */,
				C364491725A3293B007AF157 /* Embed App Extensions */,
			);
			buildRules = (
			);
			dependencies = (
				C36448FD25A3293A007AF157 /* PBXTargetDependency */,
			);
			name = "WatchGym WatchKit App";
			productName = "WatchGym WatchKit App";
			productReference = C36448EB25A32938007AF157 /* WatchGym WatchKit App.app */;
			productType = "com.apple.product-type.application.watchapp2";
		};
		C36448F925A3293A007AF157 /* WatchGym WatchKit Extension */ = {
			isa = PBXNativeTarget;
			buildConfigurationList = C364491425A3293B007AF157 /* Build configuration list for PBXNativeTarget "WatchGym WatchKit Extension" */;
			buildPhases = (
				C36448F625A3293A007AF157 /* Sources */,
				C36448F725A3293A007AF157 /* Frameworks */,
				C36448F825A3293A007AF157 /* Resources */,
			);
			buildRules = (
			);
			dependencies = (
			);
			name = "WatchGym WatchKit Extension";
			productName = "WatchGym WatchKit Extension";
			productReference = C36448FA25A3293A007AF157 /* WatchGym WatchKit Extension.appex */;
			productType = "com.apple.product-type.watchkit2-extension";
		};
/* End PBXNativeTarget section */

/* Begin PBXProject section */
		C36448E125A32938007AF157 /* Project object */ = {
			isa = PBXProject;
			attributes = {
				LastSwiftUpdateCheck = 1230;
				LastUpgradeCheck = 1230;
				TargetAttributes = {
					C36448E625A32938007AF157 = {
						CreatedOnToolsVersion = 12.3;
					};
					C36448EA25A32938007AF157 = {
						CreatedOnToolsVersion = 12.3;
					};
					C36448F925A3293A007AF157 = {
						CreatedOnToolsVersion = 12.3;
					};
				};
			};
			buildConfigurationList = C36448E425A32938007AF157 /* Build configuration list for PBXProject "WatchGym" */;
			compatibilityVersion = "Xcode 9.3";
			developmentRegion = en;
			hasScannedForEncodings = 0;
			knownRegions = (
				en,
				Base,
			);
			mainGroup = C36448E025A32938007AF157;
			packageReferences = (
				C36449B325A32EF8007AF157 /* XCRemoteSwiftPackageReference "SwiftyJSON" */,
				C3644A1125A34CA7007AF157 /* XCRemoteSwiftPackageReference "Alamofire" */,
			);
			productRefGroup = C36448E825A32938007AF157 /* Products */;
			projectDirPath = "";
			projectRoot = "";
			targets = (
				C36448E625A32938007AF157 /* WatchGym */,
				C36448EA25A32938007AF157 /* WatchGym WatchKit App */,
				C36448F925A3293A007AF157 /* WatchGym WatchKit Extension */,
			);
		};
/* End PBXProject section */

/* Begin PBXResourcesBuildPhase section */
		C36448E525A32938007AF157 /* Resources */ = {
			isa = PBXResourcesBuildPhase;
			buildActionMask = 2147483647;
			files = (
			);
			runOnlyForDeploymentPostprocessing = 0;
		};
		C36448E925A32938007AF157 /* Resources */ = {
			isa = PBXResourcesBuildPhase;
			buildActionMask = 2147483647;
			files = (
				C36448F425A3293A007AF157 /* Assets.xcassets in Resources */,
				C36448F225A32938007AF157 /* Interface.storyboard in Resources */,
			);
			runOnlyForDeploymentPostprocessing = 0;
		};
		C36448F825A3293A007AF157 /* Resources */ = {
			isa = PBXResourcesBuildPhase;
			buildActionMask = 2147483647;
			files = (
				C364490F25A3293B007AF157 /* Preview Assets.xcassets in Resources */,
				C364490C25A3293B007AF157 /* Assets.xcassets in Resources */,
			);
			runOnlyForDeploymentPostprocessing = 0;
		};
/* End PBXResourcesBuildPhase section */

/* Begin PBXSourcesBuildPhase section */
		C36448F625A3293A007AF157 /* Sources */ = {
			isa = PBXSourcesBuildPhase;
			buildActionMask = 2147483647;
			files = (
				C364490225A3293A007AF157 /* ContentView.swift in Sources */,
				C3644A1725A35083007AF157 /* SignOut View.swift in Sources */,
				C364496525A32A09007AF157 /* SignInView.swift in Sources */,
				C3644A1C25A350B6007AF157 /* Swift2.swift in Sources */,
				C364490025A3293A007AF157 /* HostingController.swift in Sources */,
				C364490625A3293A007AF157 /* NotificationController.swift in Sources */,
				C364490425A3293A007AF157 /* ExtensionDelegate.swift in Sources */,
				C364490825A3293A007AF157 /* NotificationView.swift in Sources */,
				C364490A25A3293A007AF157 /* ComplicationController.swift in Sources */,
				C3644A2425A35140007AF157 /* GymMOdel.swift in Sources */,
			);
			runOnlyForDeploymentPostprocessing = 0;
		};
/* End PBXSourcesBuildPhase section */

/* Begin PBXTargetDependency section */
		C36448EE25A32938007AF157 /* PBXTargetDependency */ = {
			isa = PBXTargetDependency;
			target = C36448EA25A32938007AF157 /* WatchGym WatchKit App */;
			targetProxy = C36448ED25A32938007AF157 /* PBXContainerItemProxy */;
		};
		C36448FD25A3293A007AF157 /* PBXTargetDependency */ = {
			isa = PBXTargetDependency;
			target = C36448F925A3293A007AF157 /* WatchGym WatchKit Extension */;
			targetProxy = C36448FC25A3293A007AF157 /* PBXContainerItemProxy */;
		};
/* End PBXTargetDependency section */

/* Begin PBXVariantGroup section */
		C36448F025A32938007AF157 /* Interface.storyboard */ = {
			isa = PBXVariantGroup;
			children = (
				C36448F125A32938007AF157 /* Base */,
			);
			name = Interface.storyboard;
			sourceTree = "<group>";
		};
/* End PBXVariantGroup section */

/* Begin XCBuildConfiguration section */
		C364491225A3293B007AF157 /* Debug */ = {
			isa = XCBuildConfiguration;
			buildSettings = {
				ALWAYS_SEARCH_USER_PATHS = NO;
				CLANG_ANALYZER_NONNULL = YES;
				CLANG_ANALYZER_NUMBER_OBJECT_CONVERSION = YES_AGGRESSIVE;
				CLANG_CXX_LANGUAGE_STANDARD = "gnu++14";
				CLANG_CXX_LIBRARY = "libc++";
				CLANG_ENABLE_MODULES = YES;
				CLANG_ENABLE_OBJC_ARC = YES;
				CLANG_ENABLE_OBJC_WEAK = YES;
				CLANG_WARN_BLOCK_CAPTURE_AUTORELEASING = YES;
				CLANG_WARN_BOOL_CONVERSION = YES;
				CLANG_WARN_COMMA = YES;
				CLANG_WARN_CONSTANT_CONVERSION = YES;
				CLANG_WARN_DEPRECATED_OBJC_IMPLEMENTATIONS = YES;
				CLANG_WARN_DIRECT_OBJC_ISA_USAGE = YES_ERROR;
				CLANG_WARN_DOCUMENTATION_COMMENTS = YES;
				CLANG_WARN_EMPTY_BODY = YES;
				CLANG_WARN_ENUM_CONVERSION = YES;
				CLANG_WARN_INFINITE_RECURSION = YES;
				CLANG_WARN_INT_CONVERSION = YES;
				CLANG_WARN_NON_LITERAL_NULL_CONVERSION = YES;
				CLANG_WARN_OBJC_IMPLICIT_RETAIN_SELF = YES;
				CLANG_WARN_OBJC_LITERAL_CONVERSION = YES;
				CLANG_WARN_OBJC_ROOT_CLASS = YES_ERROR;
				CLANG_WARN_QUOTED_INCLUDE_IN_FRAMEWORK_HEADER = YES;
				CLANG_WARN_RANGE_LOOP_ANALYSIS = YES;
				CLANG_WARN_STRICT_PROTOTYPES = YES;
				CLANG_WARN_SUSPICIOUS_MOVE = YES;
				CLANG_WARN_UNGUARDED_AVAILABILITY = YES_AGGRESSIVE;
				CLANG_WARN_UNREACHABLE_CODE = YES;
				CLANG_WARN__DUPLICATE_METHOD_MATCH = YES;
				COPY_PHASE_STRIP = NO;
				DEBUG_INFORMATION_FORMAT = dwarf;
				ENABLE_STRICT_OBJC_MSGSEND = YES;
				ENABLE_TESTABILITY = YES;
				GCC_C_LANGUAGE_STANDARD = gnu11;
				GCC_DYNAMIC_NO_PIC = NO;
				GCC_NO_COMMON_BLOCKS = YES;
				GCC_OPTIMIZATION_LEVEL = 0;
				GCC_PREPROCESSOR_DEFINITIONS = (
					"DEBUG=1",
					"$(inherited)",
				);
				GCC_WARN_64_TO_32_BIT_CONVERSION = YES;
				GCC_WARN_ABOUT_RETURN_TYPE = YES_ERROR;
				GCC_WARN_UNDECLARED_SELECTOR = YES;
				GCC_WARN_UNINITIALIZED_AUTOS = YES_AGGRESSIVE;
				GCC_WARN_UNUSED_FUNCTION = YES;
				GCC_WARN_UNUSED_VARIABLE = YES;
				MTL_ENABLE_DEBUG_INFO = INCLUDE_SOURCE;
				MTL_FAST_MATH = YES;
				ONLY_ACTIVE_ARCH = YES;
				SDKROOT = iphoneos;
				SWIFT_ACTIVE_COMPILATION_CONDITIONS = DEBUG;
				SWIFT_OPTIMIZATION_LEVEL = "-Onone";
			};
			name = Debug;
		};
		C364491325A3293B007AF157 /* Release */ = {
			isa = XCBuildConfiguration;
			buildSettings = {
				ALWAYS_SEARCH_USER_PATHS = NO;
				CLANG_ANALYZER_NONNULL = YES;
				CLANG_ANALYZER_NUMBER_OBJECT_CONVERSION = YES_AGGRESSIVE;
				CLANG_CXX_LANGUAGE_STANDARD = "gnu++14";
				CLANG_CXX_LIBRARY = "libc++";
				CLANG_ENABLE_MODULES = YES;
				CLANG_ENABLE_OBJC_ARC = YES;
				CLANG_ENABLE_OBJC_WEAK = YES;
				CLANG_WARN_BLOCK_CAPTURE_AUTORELEASING = YES;
				CLANG_WARN_BOOL_CONVERSION = YES;
				CLANG_WARN_COMMA = YES;
				CLANG_WARN_CONSTANT_CONVERSION = YES;
				CLANG_WARN_DEPRECATED_OBJC_IMPLEMENTATIONS = YES;
				CLANG_WARN_DIRECT_OBJC_ISA_USAGE = YES_ERROR;
				CLANG_WARN_DOCUMENTATION_COMMENTS = YES;
				CLANG_WARN_EMPTY_BODY = YES;
				CLANG_WARN_ENUM_CONVERSION = YES;
				CLANG_WARN_INFINITE_RECURSION = YES;
				CLANG_WARN_INT_CONVERSION = YES;
				CLANG_WARN_NON_LITERAL_NULL_CONVERSION = YES;
				CLANG_WARN_OBJC_IMPLICIT_RETAIN_SELF = YES;
				CLANG_WARN_OBJC_LITERAL_CONVERSION = YES;
				CLANG_WARN_OBJC_ROOT_CLASS = YES_ERROR;
				CLANG_WARN_QUOTED_INCLUDE_IN_FRAMEWORK_HEADER = YES;
				CLANG_WARN_RANGE_LOOP_ANALYSIS = YES;
				CLANG_WARN_STRICT_PROTOTYPES = YES;
				CLANG_WARN_SUSPICIOUS_MOVE = YES;
				CLANG_WARN_UNGUARDED_AVAILABILITY = YES_AGGRESSIVE;
				CLANG_WARN_UNREACHABLE_CODE = YES;
				CLANG_WARN__DUPLICATE_METHOD_MATCH = YES;
				COPY_PHASE_STRIP = NO;
				DEBUG_INFORMATION_FORMAT = "dwarf-with-dsym";
				ENABLE_NS_ASSERTIONS = NO;
				ENABLE_STRICT_OBJC_MSGSEND = YES;
				GCC_C_LANGUAGE_STANDARD = gnu11;
				GCC_NO_COMMON_BLOCKS = YES;
				GCC_WARN_64_TO_32_BIT_CONVERSION = YES;
				GCC_WARN_ABOUT_RETURN_TYPE = YES_ERROR;
				GCC_WARN_UNDECLARED_SELECTOR = YES;
				GCC_WARN_UNINITIALIZED_AUTOS = YES_AGGRESSIVE;
				GCC_WARN_UNUSED_FUNCTION = YES;
				GCC_WARN_UNUSED_VARIABLE = YES;
				MTL_ENABLE_DEBUG_INFO = NO;
				MTL_FAST_MATH = YES;
				SDKROOT = iphoneos;
				SWIFT_COMPILATION_MODE = wholemodule;
				SWIFT_OPTIMIZATION_LEVEL = "-O";
				VALIDATE_PRODUCT = YES;
			};
			name = Release;
		};
		C364491525A3293B007AF157 /* Debug */ = {
			isa = XCBuildConfiguration;
			buildSettings = {
				ASSETCATALOG_COMPILER_COMPLICATION_NAME = Complication;
				CODE_SIGN_STYLE = Automatic;
				DEVELOPMENT_ASSET_PATHS = "\"WatchGym WatchKit Extension/Preview Content\"";
				ENABLE_PREVIEWS = YES;
				INFOPLIST_FILE = "WatchGym WatchKit Extension/Info.plist";
				LD_RUNPATH_SEARCH_PATHS = (
					"$(inherited)",
					"@executable_path/Frameworks",
					"@executable_path/../../Frameworks",
				);
				PRODUCT_BUNDLE_IDENTIFIER = kp11.WatchGym.watchkitapp.watchkitextension;
				PRODUCT_NAME = "${TARGET_NAME}";
				SDKROOT = watchos;
				SKIP_INSTALL = YES;
				SWIFT_VERSION = 5.0;
				TARGETED_DEVICE_FAMILY = 4;
				WATCHOS_DEPLOYMENT_TARGET = 7.2;
			};
			name = Debug;
		};
		C364491625A3293B007AF157 /* Release */ = {
			isa = XCBuildConfiguration;
			buildSettings = {
				ASSETCATALOG_COMPILER_COMPLICATION_NAME = Complication;
				CODE_SIGN_STYLE = Automatic;
				DEVELOPMENT_ASSET_PATHS = "\"WatchGym WatchKit Extension/Preview Content\"";
				ENABLE_PREVIEWS = YES;
				INFOPLIST_FILE = "WatchGym WatchKit Extension/Info.plist";
				LD_RUNPATH_SEARCH_PATHS = (
					"$(inherited)",
					"@executable_path/Frameworks",
					"@executable_path/../../Frameworks",
				);
				PRODUCT_BUNDLE_IDENTIFIER = kp11.WatchGym.watchkitapp.watchkitextension;
				PRODUCT_NAME = "${TARGET_NAME}";
				SDKROOT = watchos;
				SKIP_INSTALL = YES;
				SWIFT_VERSION = 5.0;
				TARGETED_DEVICE_FAMILY = 4;
				WATCHOS_DEPLOYMENT_TARGET = 7.2;
			};
			name = Release;
		};
		C364491925A3293B007AF157 /* Debug */ = {
			isa = XCBuildConfiguration;
			buildSettings = {
				ALWAYS_EMBED_SWIFT_STANDARD_LIBRARIES = YES;
				ASSETCATALOG_COMPILER_APPICON_NAME = AppIcon;
				ASSETCATALOG_COMPILER_GLOBAL_ACCENT_COLOR_NAME = AccentColor;
				CODE_SIGN_STYLE = Automatic;
				IBSC_MODULE = WatchGym_WatchKit_Extension;
				INFOPLIST_FILE = "WatchGym WatchKit App/Info.plist";
				PRODUCT_BUNDLE_IDENTIFIER = kp11.WatchGym.watchkitapp;
				PRODUCT_NAME = "$(TARGET_NAME)";
				SDKROOT = watchos;
				SKIP_INSTALL = YES;
				SWIFT_VERSION = 5.0;
				TARGETED_DEVICE_FAMILY = 4;
				WATCHOS_DEPLOYMENT_TARGET = 7.2;
			};
			name = Debug;
		};
		C364491A25A3293B007AF157 /* Release */ = {
			isa = XCBuildConfiguration;
			buildSettings = {
				ALWAYS_EMBED_SWIFT_STANDARD_LIBRARIES = YES;
				ASSETCATALOG_COMPILER_APPICON_NAME = AppIcon;
				ASSETCATALOG_COMPILER_GLOBAL_ACCENT_COLOR_NAME = AccentColor;
				CODE_SIGN_STYLE = Automatic;
				IBSC_MODULE = WatchGym_WatchKit_Extension;
				INFOPLIST_FILE = "WatchGym WatchKit App/Info.plist";
				PRODUCT_BUNDLE_IDENTIFIER = kp11.WatchGym.watchkitapp;
				PRODUCT_NAME = "$(TARGET_NAME)";
				SDKROOT = watchos;
				SKIP_INSTALL = YES;
				SWIFT_VERSION = 5.0;
				TARGETED_DEVICE_FAMILY = 4;
				WATCHOS_DEPLOYMENT_TARGET = 7.2;
			};
			name = Release;
		};
		C364491D25A3293B007AF157 /* Debug */ = {
			isa = XCBuildConfiguration;
			buildSettings = {
				CODE_SIGN_STYLE = Automatic;
				CURRENT_PROJECT_VERSION = 1;
				MARKETING_VERSION = 1.0;
				PRODUCT_BUNDLE_IDENTIFIER = kp11.WatchGym;
				PRODUCT_NAME = "$(TARGET_NAME)";
				SWIFT_VERSION = 5.0;
			};
			name = Debug;
		};
		C364491E25A3293B007AF157 /* Release */ = {
			isa = XCBuildConfiguration;
			buildSettings = {
				CODE_SIGN_STYLE = Automatic;
				CURRENT_PROJECT_VERSION = 1;
				MARKETING_VERSION = 1.0;
				PRODUCT_BUNDLE_IDENTIFIER = kp11.WatchGym;
				PRODUCT_NAME = "$(TARGET_NAME)";
				SWIFT_VERSION = 5.0;
			};
			name = Release;
		};
/* End XCBuildConfiguration section */

/* Begin XCConfigurationList section */
		C36448E425A32938007AF157 /* Build configuration list for PBXProject "WatchGym" */ = {
			isa = XCConfigurationList;
			buildConfigurations = (
				C364491225A3293B007AF157 /* Debug */,
				C364491325A3293B007AF157 /* Release */,
			);
			defaultConfigurationIsVisible = 0;
			defaultConfigurationName = Release;
		};
		C364491425A3293B007AF157 /* Build configuration list for PBXNativeTarget "WatchGym WatchKit Extension" */ = {
			isa = XCConfigurationList;
			buildConfigurations = (
				C364491525A3293B007AF157 /* Debug */,
				C364491625A3293B007AF157 /* Release */,
			);
			defaultConfigurationIsVisible = 0;
			defaultConfigurationName = Release;
		};
		C364491825A3293B007AF157 /* Build configuration list for PBXNativeTarget "WatchGym WatchKit App" */ = {
			isa = XCConfigurationList;
			buildConfigurations = (
				C364491925A3293B007AF157 /* Debug */,
				C364491A25A3293B007AF157 /* Release */,
			);
			defaultConfigurationIsVisible = 0;
			defaultConfigurationName = Release;
		};
		C364491C25A3293B007AF157 /* Build configuration list for PBXNativeTarget "WatchGym" */ = {
			isa = XCConfigurationList;
			buildConfigurations = (
				C364491D25A3293B007AF157 /* Debug */,
				C364491E25A3293B007AF157 /* Release */,
			);
			defaultConfigurationIsVisible = 0;
			defaultConfigurationName = Release;
		};
/* End XCConfigurationList section */

/* Begin XCRemoteSwiftPackageReference section */
		C36449B325A32EF8007AF157 /* XCRemoteSwiftPackageReference "SwiftyJSON" */ = {
			isa = XCRemoteSwiftPackageReference;
			repositoryURL = "https://github.com/SwiftyJSON/SwiftyJSON.git";
			requirement = {
				kind = upToNextMajorVersion;
				minimumVersion = 5.0.0;
			};
		};
		C3644A1125A34CA7007AF157 /* XCRemoteSwiftPackageReference "Alamofire" */ = {
			isa = XCRemoteSwiftPackageReference;
			repositoryURL = "https://github.com/Alamofire/Alamofire.git";
			requirement = {
				kind = upToNextMajorVersion;
				minimumVersion = 5.4.1;
			};
		};
/* End XCRemoteSwiftPackageReference section */

/* Begin XCSwiftPackageProductDependency section */
		C36449B425A32EF8007AF157 /* SwiftyJSON */ = {
			isa = XCSwiftPackageProductDependency;
			package = C36449B325A32EF8007AF157 /* XCRemoteSwiftPackageReference "SwiftyJSON" */;
			productName = SwiftyJSON;
		};
		C3644A1225A34CA7007AF157 /* Alamofire */ = {
			isa = XCSwiftPackageProductDependency;
			package = C3644A1125A34CA7007AF157 /* XCRemoteSwiftPackageReference "Alamofire" */;
			productName = Alamofire;
		};
/* End XCSwiftPackageProductDependency section */
	};
	rootObject = C36448E125A32938007AF157 /* Project object */;
}
